<?xml version="1.0" encoding="utf-8"?>
<Project ToolsVersion="4.0" xmlns="http://schemas.microsoft.com/developer/msbuild/2003">
  <ItemGroup>
    <Filter Include="Source files">
      <UniqueIdentifier>{339714b1-e131-4145-a96d-c275d76f0807}</UniqueIdentifier>
      <Extensions>cpp;c;cc;cxx;def;odl;idl;hpj;bat;asm;asmx</Extensions>
    </Filter>
    <Filter Include="Header files">
      <UniqueIdentifier>{8dfa7642-4ea3-476b-bf76-1a03da3f7901}</UniqueIdentifier>
      <Extensions>h;hpp;hxx;hm;inl;inc;xsd</Extensions>
    </Filter>
    <Filter Include="Resource files">
      <UniqueIdentifier>{0016d045-804a-47c7-8bb8-975eabcc2062}</UniqueIdentifier>
      <Extensions>rc;ico;cur;bmp;dlg;rc2;rct;bin;rgs;gif;jpg;jpeg;jpe;resx;tiff;tif;png;wav</Extensions>
    </Filter>
    <Filter Include="Make files">
      <UniqueIdentifier>{3421535a-9554-47f8-bd8f-66641ee297cf}</UniqueIdentifier>
      <Extensions>*.mak</Extensions>
    </Filter>
    <Filter Include="Header files\Lock">
      <UniqueIdentifier>{e0a45d29-d1c3-4213-bf25-e5b1d626fdf4}</UniqueIdentifier>
    </Filter>
    <Filter Include="Source files\Lock">
      <UniqueIdentifier>{0690db47-61c1-4844-a165-1df9ffde18f0}</UniqueIdentifier>
    </Filter>
    <Filter Include="Header files\Metadata">
      <UniqueIdentifier>{7401595c-0f17-489b-851a-eec627fd5925}</UniqueIdentifier>
    </Filter>
    <Filter Include="Source files\Metadata">
      <UniqueIdentifier>{50c5b7f4-15c8-46dc-8ff6-443f148a81ef}</UniqueIdentifier>
    </Filter>
    <Filter Include="Header files\Exception">
      <UniqueIdentifier>{bb967b9d-858d-49d0-86f1-0fa32dcbe867}</UniqueIdentifier>
    </Filter>
    <Filter Include="Source files\Exception">
      <UniqueIdentifier>{8fca17d1-e048-4434-b572-890dd299e284}</UniqueIdentifier>
    </Filter>
    <Filter Include="Header files\NVMMap">
      <UniqueIdentifier>{6cd04454-f117-4ece-82d1-a7e2576e2b9a}</UniqueIdentifier>
    </Filter>
    <Filter Include="Source files\NVMMap">
      <UniqueIdentifier>{6cd30b9f-69f5-4bbe-b0a4-49edad61bf50}</UniqueIdentifier>
    </Filter>
    <Filter Include="Header files\Allocator">
      <UniqueIdentifier>{85ca220c-9bcf-4c39-a46d-ed02cf3f5e91}</UniqueIdentifier>
    </Filter>
    <Filter Include="Source files\Allocator">
      <UniqueIdentifier>{a6053366-91d9-4e18-a1a6-8eb944b6f247}</UniqueIdentifier>
    </Filter>
    <Filter Include="Header files\Tool">
      <UniqueIdentifier>{ebea1246-686d-4de8-bfce-208a62473cfa}</UniqueIdentifier>
    </Filter>
    <Filter Include="Source files\Tool">
      <UniqueIdentifier>{affecbe4-2da3-4424-85c0-d0f45c60fd3d}</UniqueIdentifier>
    </Filter>
    <Filter Include="Header files\Recovery">
      <UniqueIdentifier>{71353c12-7d7d-4945-b394-cfbd30a7b78d}</UniqueIdentifier>
    </Filter>
    <Filter Include="Source files\Recovery">
      <UniqueIdentifier>{dcf7525e-b08d-4a29-ac32-762ed0ef8f5e}</UniqueIdentifier>
    </Filter>
    <Filter Include="Header files\Log">
      <UniqueIdentifier>{40204fb8-ba18-4a88-9f9d-93743ee5b4ed}</UniqueIdentifier>
    </Filter>
    <Filter Include="Source files\Log">
      <UniqueIdentifier>{d60e4db9-94c8-41d2-a94b-fd0b6fbbb27b}</UniqueIdentifier>
    </Filter>
    <Filter Include="Header files\NameService">
      <UniqueIdentifier>{a1879ffe-cc18-4d71-9468-87c216019583}</UniqueIdentifier>
    </Filter>
    <Filter Include="Source files\NameService">
      <UniqueIdentifier>{423d1498-65d2-4ece-982b-b132c281ad25}</UniqueIdentifier>
    </Filter>
  </ItemGroup>
  <ItemGroup>
    <ClCompile Include="main.cpp">
      <Filter>Source files</Filter>
    </ClCompile>
    <ClCompile Include="CLMutex.cpp">
      <Filter>Source files\Lock</Filter>
    </ClCompile>
    <ClCompile Include="CLCriticalSection.cpp">
      <Filter>Source files\Lock</Filter>
    </ClCompile>
    <ClCompile Include="CLSpinLock.cpp">
      <Filter>Source files\Lock</Filter>
    </ClCompile>
    <ClCompile Include="CLExtent.cpp">
      <Filter>Source files</Filter>
    </ClCompile>
    <ClCompile Include="CLBlockArea.cpp">
      <Filter>Source files\Metadata</Filter>
    </ClCompile>
    <ClCompile Include="CLGlobalBlockAreaManager.cpp">
      <Filter>Source files\Metadata</Filter>
    </ClCompile>
    <ClCompile Include="CLPerArenaBlockManager.cpp">
      <Filter>Source files\Metadata</Filter>
    </ClCompile>
    <ClCompile Include="SLNVMBlockArea.cpp">
      <Filter>Source files\Metadata</Filter>
    </ClCompile>
    <ClCompile Include="CLSystemException.cpp">
      <Filter>Source files\Exception</Filter>
    </ClCompile>
    <ClCompile Include="CLNVMMemoryMapManager.cpp">
      <Filter>Source files\NVMMap</Filter>
    </ClCompile>
    <ClCompile Include="CLPageManager.cpp">
      <Filter>Source files\NVMMap</Filter>
    </ClCompile>
    <ClCompile Include="CLSmallExtentManager.cpp">
      <Filter>Source files\Allocator</Filter>
    </ClCompile>
    <ClCompile Include="CLLargeExtenttManager.cpp">
      <Filter>Source files\Allocator</Filter>
    </ClCompile>
    <ClCompile Include="CLHugeExtentManager.cpp">
      <Filter>Source files\Allocator</Filter>
    </ClCompile>
    <ClCompile Include="CLExtentList.cpp">
      <Filter>Source files\Allocator</Filter>
    </ClCompile>
    <ClCompile Include="CLArenaManager.cpp">
      <Filter>Source files\Allocator</Filter>
    </ClCompile>
    <ClCompile Include="CLArena.cpp">
      <Filter>Source files\Allocator</Filter>
    </ClCompile>
    <ClCompile Include="NVMMalloc.cpp">
      <Filter>Source files</Filter>
    </ClCompile>
    <ClCompile Include="CLAllocatedExtentManager.cpp">
      <Filter>Source files\Allocator</Filter>
    </ClCompile>
    <ClCompile Include="CLRadixTreeNode.cpp">
      <Filter>Source files\Tool</Filter>
    </ClCompile>
    <ClCompile Include="CLBaseMetadata.cpp">
      <Filter>Source files\Metadata</Filter>
    </ClCompile>
    <ClCompile Include="SLNVMBaseMetadatacpp.cpp">
      <Filter>Source files\Metadata</Filter>
    </ClCompile>
    <ClCompile Include="CLBlock.cpp">
      <Filter>Source files\Metadata</Filter>
    </ClCompile>
    <ClCompile Include="SLList.cpp">
      <Filter>Source files\Tool</Filter>
    </ClCompile>
    <ClCompile Include="CLRecoverier.cpp">
      <Filter>Source files\Recovery</Filter>
    </ClCompile>
    <ClCompile Include="CLNVMMemoryUseInfoCollector.cpp">
      <Filter>Source files\Recovery</Filter>
    </ClCompile>
    <ClCompile Include="SLMemoryUseInfo.cpp">
      <Filter>Source files\Recovery</Filter>
    </ClCompile>
    <ClCompile Include="CLLogArea.cpp">
      <Filter>Source files\Log</Filter>
    </ClCompile>
    <ClCompile Include="CLLogAreaManager.cpp">
      <Filter>Source files\Log</Filter>
    </ClCompile>
    <ClCompile Include="CLSemaphore.cpp">
      <Filter>Source files\Lock</Filter>
    </ClCompile>
    <ClCompile Include="SLNVMLogAreaPointers.cpp">
      <Filter>Source files\Log</Filter>
    </ClCompile>
    <ClCompile Include="CLNameServer.cpp">
      <Filter>Source files\NameService</Filter>
    </ClCompile>
  </ItemGroup>
  <ItemGroup>
    <ClInclude Include="CLCriticalSection.h">
      <Filter>Header files\Lock</Filter>
    </ClInclude>
    <ClInclude Include="CLSpinLock.h">
      <Filter>Header files\Lock</Filter>
    </ClInclude>
    <ClInclude Include="ILLock.h">
      <Filter>Header files\Lock</Filter>
    </ClInclude>
    <ClInclude Include="CLMutex.h">
      <Filter>Header files\Lock</Filter>
    </ClInclude>
    <ClInclude Include="CLExtent.h">
      <Filter>Header files</Filter>
    </ClInclude>
    <ClInclude Include="CLBlockArea.h">
      <Filter>Header files\Metadata</Filter>
    </ClInclude>
    <ClInclude Include="CLGlobalBlockAreaManager.h">
      <Filter>Header files\Metadata</Filter>
    </ClInclude>
    <ClInclude Include="CLPerArenaBlockManager.h">
      <Filter>Header files\Metadata</Filter>
    </ClInclude>
    <ClInclude Include="SLNVMBlock.h">
      <Filter>Header files\Metadata</Filter>
    </ClInclude>
    <ClInclude Include="SLNVMBlockArea.h">
      <Filter>Header files\Metadata</Filter>
    </ClInclude>
    <ClInclude Include="CLSystemException.h">
      <Filter>Header files\Exception</Filter>
    </ClInclude>
    <ClInclude Include="CLNVMMemoryMapManager.h">
      <Filter>Header files\NVMMap</Filter>
    </ClInclude>
    <ClInclude Include="CLPageManager.h">
      <Filter>Header files\NVMMap</Filter>
    </ClInclude>
    <ClInclude Include="CLHugeExtentManager.h">
      <Filter>Header files\Allocator</Filter>
    </ClInclude>
    <ClInclude Include="CLLargeExtentManager.h">
      <Filter>Header files\Allocator</Filter>
    </ClInclude>
    <ClInclude Include="CLExtentList.h">
      <Filter>Header files\Allocator</Filter>
    </ClInclude>
    <ClInclude Include="CLSmallExtentManager.h">
      <Filter>Header files\Allocator</Filter>
    </ClInclude>
    <ClInclude Include="CLArenaManager.h">
      <Filter>Header files\Allocator</Filter>
    </ClInclude>
    <ClInclude Include="CLArena.h">
      <Filter>Header files\Allocator</Filter>
    </ClInclude>
    <ClInclude Include="CLTLSVariable.h">
      <Filter>Header files\Tool</Filter>
    </ClInclude>
    <ClInclude Include="NVMMalloc.h">
      <Filter>Header files</Filter>
    </ClInclude>
    <ClInclude Include="CLAllocatedExtentManager.h">
      <Filter>Header files\Allocator</Filter>
    </ClInclude>
    <ClInclude Include="CLRadixTree.h">
      <Filter>Header files\Tool</Filter>
    </ClInclude>
    <ClInclude Include="CLRadixTreeNode.h">
      <Filter>Header files\Tool</Filter>
    </ClInclude>
    <ClInclude Include="SLNVMBaseMetadata.h">
      <Filter>Header files\Metadata</Filter>
    </ClInclude>
    <ClInclude Include="CLBaseMetadata.h">
      <Filter>Header files\Metadata</Filter>
    </ClInclude>
    <ClInclude Include="SLNVMList.h">
      <Filter>Header files\Tool</Filter>
    </ClInclude>
    <ClInclude Include="CLBlock.h">
      <Filter>Header files\Metadata</Filter>
    </ClInclude>
    <ClInclude Include="SLList.h">
      <Filter>Header files\Tool</Filter>
    </ClInclude>
    <ClInclude Include="MacroDefine.h">
      <Filter>Header files\Tool</Filter>
    </ClInclude>
    <ClInclude Include="CLNVMMemoryUseInfoCollector.h">
      <Filter>Header files\Recovery</Filter>
    </ClInclude>
    <ClInclude Include="CLRecoverier.h">
      <Filter>Header files\Recovery</Filter>
    </ClInclude>
    <ClInclude Include="SLMemoryUseInfo.h">
      <Filter>Header files\Recovery</Filter>
    </ClInclude>
    <ClInclude Include="CLLogAreaManager.h">
      <Filter>Header files\Log</Filter>
    </ClInclude>
    <ClInclude Include="CLLogArea.h">
      <Filter>Header files\Log</Filter>
    </ClInclude>
    <ClInclude Include="SLNVMLogAreaPointers.h">
      <Filter>Header files\Log</Filter>
    </ClInclude>
    <ClInclude Include="CLSemaphore.h">
      <Filter>Header files\Lock</Filter>
    </ClInclude>
    <ClInclude Include="SizeDefine.h">
      <Filter>Header files\Allocator</Filter>
    </ClInclude>
    <ClInclude Include="CLLogItem.h">
      <Filter>Header files\Log</Filter>
    </ClInclude>
    <ClInclude Include="SLNVMNameServer.h">
      <Filter>Header files\NameService</Filter>
    </ClInclude>
    <ClInclude Include="SLNameAddressPair.h">
      <Filter>Header files\NameService</Filter>
    </ClInclude>
    <ClInclude Include="CLNameServer.h">
      <Filter>Header files\NameService</Filter>
    </ClInclude>
  </ItemGroup>
  <ItemGroup>
    <None Include="MallocOnNVM-Debug.vgdbsettings" />
    <None Include="MallocOnNVM-Release.vgdbsettings" />
    <None Include="Makefile">
      <Filter>Make files</Filter>
    </None>
    <None Include="debug.mak">
      <Filter>Make files</Filter>
    </None>
    <None Include="release.mak">
      <Filter>Make files</Filter>
    </None>
  </ItemGroup>
</Project>